
Microsoft Visual Studio Solution File, Format Version 12.00
# Visual Studio 15
VisualStudioVersion = 15.0.28307.572
MinimumVisualStudioVersion = 10.0.40219.1
Project("{FAE04EC0-301F-11D3-BF4B-00C04F79EFBC}") = "DAL", "DAL\DAL.csproj", "{CD2555FE-093B-4E08-B1D7-E71128FD3754}"
EndProject
Project("{FAE04EC0-301F-11D3-BF4B-00C04F79EFBC}") = "Entities", "Entities\Entities.csproj", "{C6F68675-A77B-47E8-9954-EADB183D9D8A}"
EndProject
Project("{FAE04EC0-301F-11D3-BF4B-00C04F79EFBC}") = "Prueba", "Prueba\Prueba.csproj", "{8B3B0F9E-3ED5-48CB-B561-DE5C4000F854}"
EndProject
Project("{FAE04EC0-301F-11D3-BF4B-00C04F79EFBC}") = "BLL", "BLL\BLL.csproj", "{C985B28D-F359-494C-B133-122F4732FD86}"
EndProject
Global
	GlobalSection(SolutionConfigurationPlatforms) = preSolution
		Debug|Any CPU = Debug|Any CPU
		Release|Any CPU = Release|Any CPU
	EndGlobalSection
	GlobalSection(ProjectConfigurationPlatforms) = postSolution
		{CD2555FE-093B-4E08-B1D7-E71128FD3754}.Debug|Any CPU.ActiveCfg = Debug|Any CPU
		{CD2555FE-093B-4E08-B1D7-E71128FD3754}.Debug|Any CPU.Build.0 = Debug|Any CPU
		{CD2555FE-093B-4E08-B1D7-E71128FD3754}.Release|Any CPU.ActiveCfg = Release|Any CPU
		{CD2555FE-093B-4E08-B1D7-E71128FD3754}.Release|Any CPU.Build.0 = Release|Any CPU
		{C6F68675-A77B-47E8-9954-EADB183D9D8A}.Debug|Any CPU.ActiveCfg = Debug|Any CPU
		{C6F68675-A77B-47E8-9954-EADB183D9D8A}.Debug|Any CPU.Build.0 = Debug|Any CPU
		{C6F68675-A77B-47E8-9954-EADB183D9D8A}.Release|Any CPU.ActiveCfg = Release|Any CPU
		{C6F68675-A77B-47E8-9954-EADB183D9D8A}.Release|Any CPU.Build.0 = Release|Any CPU
		{8B3B0F9E-3ED5-48CB-B561-DE5C4000F854}.Debug|Any CPU.ActiveCfg = Debug|Any CPU
		{8B3B0F9E-3ED5-48CB-B561-DE5C4000F854}.Debug|Any CPU.Build.0 = Debug|Any CPU
		{8B3B0F9E-3ED5-48CB-B561-DE5C4000F854}.Release|Any CPU.ActiveCfg = Release|Any CPU
		{8B3B0F9E-3ED5-48CB-B561-DE5C4000F854}.Release|Any CPU.Build.0 = Release|Any CPU
		{C985B28D-F359-494C-B133-122F4732FD86}.Debug|Any CPU.ActiveCfg = Debug|Any CPU
		{C985B28D-F359-494C-B133-122F4732FD86}.Debug|Any CPU.Build.0 = Debug|Any CPU
		{C985B28D-F359-494C-B133-122F4732FD86}.Release|Any CPU.ActiveCfg = Release|Any CPU
		{C985B28D-F359-494C-B133-122F4732FD86}.Release|Any CPU.Build.0 = Release|Any CPU
	EndGlobalSection
	GlobalSection(SolutionProperties) = preSolution
		HideSolutionNode = FALSE
	EndGlobalSection
	GlobalSection(ExtensibilityGlobals) = postSolution
		SolutionGuid = {FDCB219A-2B2A-4DDC-AD67-B9ED4461D174}
	EndGlobalSection
EndGlobal
